schema: '2.0'
stages:
  fetch:
    cmd: poetry run python src/data/fetch_air_data.py
    deps:
    - path: src/data/fetch_air_data.py
      hash: md5
      md5: 167e36f83aedbf896a6bf8e417d5d6b9
      size: 926
    params:
      params.yaml:
        fetch.url: https://www.arso.gov.si/xml/zrak/ones_zrak_urni_podatki_7dni.xml
    outs:
    - path: data/raw/air/air_data.xml
      hash: md5
      md5: 4b2d99e19b606be9a898fc7c97ae8f55
      size: 1150962
  preprocess:
    cmd: poetry run python src/data/preprocess_air_data.py
    deps:
    - path: data/raw/air/air_data.xml
      hash: md5
      md5: 4b2d99e19b606be9a898fc7c97ae8f55
      size: 1150962
    - path: src/data/preprocess_air_data.py
      hash: md5
      md5: 53ccf6de4ee529e1e5de6475b322013f
      size: 2349
    outs:
    - path: data/preprocessed/air
      hash: md5
      md5: 6fe869833133c251b760070997164990.dir
      size: 284475
      nfiles: 23
